// !$*UTF8*$!
{
	archiveVersion = 1;
	classes = {
	};
	objectVersion = 50;
	objects = {

/* Begin PBXBuildFile section */
		5F285195269EEE7600C5FC21 /* RefreshableScrollView.swift in Sources */ = {isa = PBXBuildFile; fileRef = 5F285194269EEE7600C5FC21 /* RefreshableScrollView.swift */; };
		5F4F302826945344008FFA3D /* AppDelegate.swift in Sources */ = {isa = PBXBuildFile; fileRef = 5F4F302726945344008FFA3D /* AppDelegate.swift */; };
		5F4F302A26945344008FFA3D /* SceneDelegate.swift in Sources */ = {isa = PBXBuildFile; fileRef = 5F4F302926945344008FFA3D /* SceneDelegate.swift */; };
		5F4F302E26945353008FFA3D /* Assets.xcassets in Resources */ = {isa = PBXBuildFile; fileRef = 5F4F302D26945353008FFA3D /* Assets.xcassets */; };
		5F4F303126945353008FFA3D /* Preview Assets.xcassets in Resources */ = {isa = PBXBuildFile; fileRef = 5F4F303026945353008FFA3D /* Preview Assets.xcassets */; };
		5F4F303426945353008FFA3D /* LaunchScreen.storyboard in Resources */ = {isa = PBXBuildFile; fileRef = 5F4F303226945353008FFA3D /* LaunchScreen.storyboard */; };
		5F55D19A269D7CB30011B1B6 /* EmailInputView.swift in Sources */ = {isa = PBXBuildFile; fileRef = 5F55D199269D7CB30011B1B6 /* EmailInputView.swift */; };
		5F55D19C269D85A60011B1B6 /* PasswordInputView.swift in Sources */ = {isa = PBXBuildFile; fileRef = 5F55D19B269D85A60011B1B6 /* PasswordInputView.swift */; };
		5FB735F0269C2CD20066F8CD /* User.swift in Sources */ = {isa = PBXBuildFile; fileRef = 5FB735EF269C2CD20066F8CD /* User.swift */; };
		5FB735F4269C2DDE0066F8CD /* UserDefaultsHelpers.swift in Sources */ = {isa = PBXBuildFile; fileRef = 5FB735F3269C2DDE0066F8CD /* UserDefaultsHelpers.swift */; };
		5FB735F7269C32130066F8CD /* Sounds.swift in Sources */ = {isa = PBXBuildFile; fileRef = 5FB735F6269C32130066F8CD /* Sounds.swift */; };
		5FB735FB269C32F10066F8CD /* Event.swift in Sources */ = {isa = PBXBuildFile; fileRef = 5FB735FA269C32F10066F8CD /* Event.swift */; };
		5FB735FE269C34AF0066F8CD /* Ticket.swift in Sources */ = {isa = PBXBuildFile; fileRef = 5FB735FD269C34AF0066F8CD /* Ticket.swift */; };
		5FB73601269C34FC0066F8CD /* CountStatus.swift in Sources */ = {isa = PBXBuildFile; fileRef = 5FB73600269C34FC0066F8CD /* CountStatus.swift */; };
		5FB73604269C36AC0066F8CD /* Utilities.swift in Sources */ = {isa = PBXBuildFile; fileRef = 5FB73603269C36AC0066F8CD /* Utilities.swift */; };
		5FB7360A269C3A090066F8CD /* ticket_ok.mp3 in Resources */ = {isa = PBXBuildFile; fileRef = 5FB73608269C3A080066F8CD /* ticket_ok.mp3 */; };
		5FB7360B269C3A090066F8CD /* ticket_ng.mp3 in Resources */ = {isa = PBXBuildFile; fileRef = 5FB73609269C3A090066F8CD /* ticket_ng.mp3 */; };
		5FB73613269C3A6B0066F8CD /* QRScannerViewController.swift in Sources */ = {isa = PBXBuildFile; fileRef = 5FB73612269C3A6B0066F8CD /* QRScannerViewController.swift */; };
		5FB73617269C3AE00066F8CD /* APIURL.swift in Sources */ = {isa = PBXBuildFile; fileRef = 5FB73616269C3AE00066F8CD /* APIURL.swift */; };
		5FB7361B269C3B060066F8CD /* AuthNetWorkManager.swift in Sources */ = {isa = PBXBuildFile; fileRef = 5FB7361A269C3B060066F8CD /* AuthNetWorkManager.swift */; };
		5FB7361E269C3DA20066F8CD /* SelectEventsNetWorkManager.swift in Sources */ = {isa = PBXBuildFile; fileRef = 5FB7361D269C3DA20066F8CD /* SelectEventsNetWorkManager.swift */; };
		5FB73621269C3EF30066F8CD /* UpdateQRCodeNetWorkManager.swift in Sources */ = {isa = PBXBuildFile; fileRef = 5FB73620269C3EF30066F8CD /* UpdateQRCodeNetWorkManager.swift */; };
		5FB73624269C42950066F8CD /* CountVisitedNetworkManager.swift in Sources */ = {isa = PBXBuildFile; fileRef = 5FB73623269C42950066F8CD /* CountVisitedNetworkManager.swift */; };
		5FB73628269C43B10066F8CD /* RootView.swift in Sources */ = {isa = PBXBuildFile; fileRef = 5FB73627269C43B10066F8CD /* RootView.swift */; };
		5FB7362C269C444C0066F8CD /* TopView.swift in Sources */ = {isa = PBXBuildFile; fileRef = 5FB7362B269C444C0066F8CD /* TopView.swift */; };
		5FB7362F269C445F0066F8CD /* Loader.swift in Sources */ = {isa = PBXBuildFile; fileRef = 5FB7362E269C445F0066F8CD /* Loader.swift */; };
		5FB73632269C446D0066F8CD /* NetworkErrorView.swift in Sources */ = {isa = PBXBuildFile; fileRef = 5FB73631269C446D0066F8CD /* NetworkErrorView.swift */; };
		5FB73635269C447C0066F8CD /* SelectEventView.swift in Sources */ = {isa = PBXBuildFile; fileRef = 5FB73634269C447C0066F8CD /* SelectEventView.swift */; };
		5FB7363A269C4BB00066F8CD /* Model.xcdatamodeld in Sources */ = {isa = PBXBuildFile; fileRef = 5FB73638269C4BB00066F8CD /* Model.xcdatamodeld */; };
		5FFE111926CCBD7C007F4864 /* AppStoreInfo.swift in Sources */ = {isa = PBXBuildFile; fileRef = 5FFE111826CCBD7C007F4864 /* AppStoreInfo.swift */; };
/* End PBXBuildFile section */

/* Begin PBXFileReference section */
		5F285194269EEE7600C5FC21 /* RefreshableScrollView.swift */ = {isa = PBXFileReference; lastKnownFileType = sourcecode.swift; path = RefreshableScrollView.swift; sourceTree = "<group>"; };
		5F4F302426945344008FFA3D /* QRCodeTest.app */ = {isa = PBXFileReference; explicitFileType = wrapper.application; includeInIndex = 0; path = QRCodeTest.app; sourceTree = BUILT_PRODUCTS_DIR; };
		5F4F302726945344008FFA3D /* AppDelegate.swift */ = {isa = PBXFileReference; lastKnownFileType = sourcecode.swift; path = AppDelegate.swift; sourceTree = "<group>"; };
		5F4F302926945344008FFA3D /* SceneDelegate.swift */ = {isa = PBXFileReference; lastKnownFileType = sourcecode.swift; path = SceneDelegate.swift; sourceTree = "<group>"; };
		5F4F302D26945353008FFA3D /* Assets.xcassets */ = {isa = PBXFileReference; lastKnownFileType = folder.assetcatalog; path = Assets.xcassets; sourceTree = "<group>"; };
		5F4F303026945353008FFA3D /* Preview Assets.xcassets */ = {isa = PBXFileReference; lastKnownFileType = folder.assetcatalog; path = "Preview Assets.xcassets"; sourceTree = "<group>"; };
		5F4F303326945353008FFA3D /* Base */ = {isa = PBXFileReference; lastKnownFileType = file.storyboard; name = Base; path = Base.lproj/LaunchScreen.storyboard; sourceTree = "<group>"; };
		5F4F303526945353008FFA3D /* Info.plist */ = {isa = PBXFileReference; lastKnownFileType = text.plist.xml; path = Info.plist; sourceTree = "<group>"; };
		5F55D199269D7CB30011B1B6 /* EmailInputView.swift */ = {isa = PBXFileReference; lastKnownFileType = sourcecode.swift; path = EmailInputView.swift; sourceTree = "<group>"; };
		5F55D19B269D85A60011B1B6 /* PasswordInputView.swift */ = {isa = PBXFileReference; lastKnownFileType = sourcecode.swift; path = PasswordInputView.swift; sourceTree = "<group>"; };
		5FB735EF269C2CD20066F8CD /* User.swift */ = {isa = PBXFileReference; lastKnownFileType = sourcecode.swift; path = User.swift; sourceTree = "<group>"; };
		5FB735F3269C2DDE0066F8CD /* UserDefaultsHelpers.swift */ = {isa = PBXFileReference; lastKnownFileType = sourcecode.swift; path = UserDefaultsHelpers.swift; sourceTree = "<group>"; };
		5FB735F6269C32130066F8CD /* Sounds.swift */ = {isa = PBXFileReference; lastKnownFileType = sourcecode.swift; path = Sounds.swift; sourceTree = "<group>"; };
		5FB735FA269C32F10066F8CD /* Event.swift */ = {isa = PBXFileReference; lastKnownFileType = sourcecode.swift; path = Event.swift; sourceTree = "<group>"; };
		5FB735FD269C34AF0066F8CD /* Ticket.swift */ = {isa = PBXFileReference; lastKnownFileType = sourcecode.swift; path = Ticket.swift; sourceTree = "<group>"; };
		5FB73600269C34FC0066F8CD /* CountStatus.swift */ = {isa = PBXFileReference; lastKnownFileType = sourcecode.swift; path = CountStatus.swift; sourceTree = "<group>"; };
		5FB73603269C36AC0066F8CD /* Utilities.swift */ = {isa = PBXFileReference; lastKnownFileType = sourcecode.swift; path = Utilities.swift; sourceTree = "<group>"; };
		5FB73608269C3A080066F8CD /* ticket_ok.mp3 */ = {isa = PBXFileReference; lastKnownFileType = audio.mp3; path = ticket_ok.mp3; sourceTree = "<group>"; };
		5FB73609269C3A090066F8CD /* ticket_ng.mp3 */ = {isa = PBXFileReference; lastKnownFileType = audio.mp3; path = ticket_ng.mp3; sourceTree = "<group>"; };
		5FB73612269C3A6B0066F8CD /* QRScannerViewController.swift */ = {isa = PBXFileReference; lastKnownFileType = sourcecode.swift; path = QRScannerViewController.swift; sourceTree = "<group>"; };
		5FB73616269C3AE00066F8CD /* APIURL.swift */ = {isa = PBXFileReference; lastKnownFileType = sourcecode.swift; path = APIURL.swift; sourceTree = "<group>"; };
		5FB7361A269C3B060066F8CD /* AuthNetWorkManager.swift */ = {isa = PBXFileReference; lastKnownFileType = sourcecode.swift; path = AuthNetWorkManager.swift; sourceTree = "<group>"; };
		5FB7361D269C3DA20066F8CD /* SelectEventsNetWorkManager.swift */ = {isa = PBXFileReference; lastKnownFileType = sourcecode.swift; path = SelectEventsNetWorkManager.swift; sourceTree = "<group>"; };
		5FB73620269C3EF30066F8CD /* UpdateQRCodeNetWorkManager.swift */ = {isa = PBXFileReference; lastKnownFileType = sourcecode.swift; path = UpdateQRCodeNetWorkManager.swift; sourceTree = "<group>"; };
		5FB73623269C42950066F8CD /* CountVisitedNetworkManager.swift */ = {isa = PBXFileReference; lastKnownFileType = sourcecode.swift; path = CountVisitedNetworkManager.swift; sourceTree = "<group>"; };
		5FB73627269C43B10066F8CD /* RootView.swift */ = {isa = PBXFileReference; lastKnownFileType = sourcecode.swift; path = RootView.swift; sourceTree = "<group>"; };
		5FB7362B269C444C0066F8CD /* TopView.swift */ = {isa = PBXFileReference; lastKnownFileType = sourcecode.swift; path = TopView.swift; sourceTree = "<group>"; };
		5FB7362E269C445F0066F8CD /* Loader.swift */ = {isa = PBXFileReference; lastKnownFileType = sourcecode.swift; path = Loader.swift; sourceTree = "<group>"; };
		5FB73631269C446D0066F8CD /* NetworkErrorView.swift */ = {isa = PBXFileReference; lastKnownFileType = sourcecode.swift; path = NetworkErrorView.swift; sourceTree = "<group>"; };
		5FB73634269C447C0066F8CD /* SelectEventView.swift */ = {isa = PBXFileReference; lastKnownFileType = sourcecode.swift; path = SelectEventView.swift; sourceTree = "<group>"; };
		5FB73639269C4BB00066F8CD /* Model.xcdatamodel */ = {isa = PBXFileReference; lastKnownFileType = wrapper.xcdatamodel; path = Model.xcdatamodel; sourceTree = "<group>"; };
		5FFE111826CCBD7C007F4864 /* AppStoreInfo.swift */ = {isa = PBXFileReference; lastKnownFileType = sourcecode.swift; path = AppStoreInfo.swift; sourceTree = "<group>"; };
/* End PBXFileReference section */

/* Begin PBXFrameworksBuildPhase section */
		5F4F302126945344008FFA3D /* Frameworks */ = {
			isa = PBXFrameworksBuildPhase;
			buildActionMask = 2147483647;
			files = (
			);
			runOnlyForDeploymentPostprocessing = 0;
		};
/* End PBXFrameworksBuildPhase section */

/* Begin PBXGroup section */
		5F4F301B26945344008FFA3D = {
			isa = PBXGroup;
			children = (
				5F4F302626945344008FFA3D /* QRアプリtest */,
				5F4F302526945344008FFA3D /* Products */,
			);
			sourceTree = "<group>";
		};
		5F4F302526945344008FFA3D /* Products */ = {
			isa = PBXGroup;
			children = (
				5F4F302426945344008FFA3D /* QRCodeTest.app */,
			);
			name = Products;
			sourceTree = "<group>";
		};
		5F4F302626945344008FFA3D /* QRアプリtest */ = {
			isa = PBXGroup;
			children = (
				5F4F302726945344008FFA3D /* AppDelegate.swift */,
				5F4F302926945344008FFA3D /* SceneDelegate.swift */,
				5FB73626269C42ED0066F8CD /* Views */,
				5FB73615269C3AC60066F8CD /* NetWorkManagers */,
				5FB73610269C3A490066F8CD /* Contrllers */,
				5FB73606269C39A50066F8CD /* Sounds */,
				5FB735F2269C2DB80066F8CD /* Helpers */,
				5FB735EE269C2CAE0066F8CD /* Models */,
				5F4F302D26945353008FFA3D /* Assets.xcassets */,
				5F4F303226945353008FFA3D /* LaunchScreen.storyboard */,
				5F4F303526945353008FFA3D /* Info.plist */,
				5FB73638269C4BB00066F8CD /* Model.xcdatamodeld */,
				5F4F302F26945353008FFA3D /* Preview Content */,
			);
			path = "QRアプリtest";
			sourceTree = "<group>";
		};
		5F4F302F26945353008FFA3D /* Preview Content */ = {
			isa = PBXGroup;
			children = (
				5F4F303026945353008FFA3D /* Preview Assets.xcassets */,
			);
			path = "Preview Content";
			sourceTree = "<group>";
		};
		5F55D198269D77CC0011B1B6 /* CommonViews */ = {
			isa = PBXGroup;
			children = (
				5FB7362E269C445F0066F8CD /* Loader.swift */,
				5FB73631269C446D0066F8CD /* NetworkErrorView.swift */,
			);
			path = CommonViews;
			sourceTree = "<group>";
		};
		5FB735EE269C2CAE0066F8CD /* Models */ = {
			isa = PBXGroup;
			children = (
				5FB735EF269C2CD20066F8CD /* User.swift */,
				5FB735F6269C32130066F8CD /* Sounds.swift */,
				5FB735FA269C32F10066F8CD /* Event.swift */,
				5FB735FD269C34AF0066F8CD /* Ticket.swift */,
				5FB73600269C34FC0066F8CD /* CountStatus.swift */,
			);
			path = Models;
			sourceTree = "<group>";
		};
		5FB735F2269C2DB80066F8CD /* Helpers */ = {
			isa = PBXGroup;
			children = (
				5FB735F3269C2DDE0066F8CD /* UserDefaultsHelpers.swift */,
				5FB73603269C36AC0066F8CD /* Utilities.swift */,
			);
			path = Helpers;
			sourceTree = "<group>";
		};
		5FB73606269C39A50066F8CD /* Sounds */ = {
			isa = PBXGroup;
			children = (
				5FB73609269C3A090066F8CD /* ticket_ng.mp3 */,
				5FB73608269C3A080066F8CD /* ticket_ok.mp3 */,
			);
			path = Sounds;
			sourceTree = "<group>";
		};
		5FB73610269C3A490066F8CD /* Contrllers */ = {
			isa = PBXGroup;
			children = (
				5FB73612269C3A6B0066F8CD /* QRScannerViewController.swift */,
			);
			path = Contrllers;
			sourceTree = "<group>";
		};
		5FB73615269C3AC60066F8CD /* NetWorkManagers */ = {
			isa = PBXGroup;
			children = (
				5FB73616269C3AE00066F8CD /* APIURL.swift */,
				5FB7361A269C3B060066F8CD /* AuthNetWorkManager.swift */,
				5FB7361D269C3DA20066F8CD /* SelectEventsNetWorkManager.swift */,
				5FB73620269C3EF30066F8CD /* UpdateQRCodeNetWorkManager.swift */,
				5FB73623269C42950066F8CD /* CountVisitedNetworkManager.swift */,
				5FFE111826CCBD7C007F4864 /* AppStoreInfo.swift */,
			);
			path = NetWorkManagers;
			sourceTree = "<group>";
		};
		5FB73626269C42ED0066F8CD /* Views */ = {
			isa = PBXGroup;
			children = (
				5F55D198269D77CC0011B1B6 /* CommonViews */,
				5FB73627269C43B10066F8CD /* RootView.swift */,
				5FB7362B269C444C0066F8CD /* TopView.swift */,
				5F55D199269D7CB30011B1B6 /* EmailInputView.swift */,
				5F55D19B269D85A60011B1B6 /* PasswordInputView.swift */,
				5FB73634269C447C0066F8CD /* SelectEventView.swift */,
				5F285194269EEE7600C5FC21 /* RefreshableScrollView.swift */,
			);
			path = Views;
			sourceTree = "<group>";
		};
/* End PBXGroup section */

/* Begin PBXNativeTarget section */
		5F4F302326945344008FFA3D /* QRアプリtest */ = {
			isa = PBXNativeTarget;
			buildConfigurationList = 5F4F303826945353008FFA3D /* Build configuration list for PBXNativeTarget "QRアプリtest" */;
			buildPhases = (
				5F4F302026945344008FFA3D /* Sources */,
				5F4F302126945344008FFA3D /* Frameworks */,
				5F4F302226945344008FFA3D /* Resources */,
			);
			buildRules = (
			);
			dependencies = (
			);
			name = "QRアプリtest";
			productName = "QRアプリtest";
			productReference = 5F4F302426945344008FFA3D /* QRCodeTest.app */;
			productType = "com.apple.product-type.application";
		};
/* End PBXNativeTarget section */

/* Begin PBXProject section */
		5F4F301C26945344008FFA3D /* Project object */ = {
			isa = PBXProject;
			attributes = {
				LastSwiftUpdateCheck = 1240;
				LastUpgradeCheck = 1240;
				TargetAttributes = {
					5F4F302326945344008FFA3D = {
						CreatedOnToolsVersion = 12.4;
					};
				};
			};
			buildConfigurationList = 5F4F301F26945344008FFA3D /* Build configuration list for PBXProject "QRアプリtest" */;
			compatibilityVersion = "Xcode 9.3";
			developmentRegion = en;
			hasScannedForEncodings = 0;
			knownRegions = (
				en,
				Base,
			);
			mainGroup = 5F4F301B26945344008FFA3D;
			productRefGroup = 5F4F302526945344008FFA3D /* Products */;
			projectDirPath = "";
			projectRoot = "";
			targets = (
				5F4F302326945344008FFA3D /* QRアプリtest */,
			);
		};
/* End PBXProject section */

/* Begin PBXResourcesBuildPhase section */
		5F4F302226945344008FFA3D /* Resources */ = {
			isa = PBXResourcesBuildPhase;
			buildActionMask = 2147483647;
			files = (
				5FB7360A269C3A090066F8CD /* ticket_ok.mp3 in Resources */,
				5FB7360B269C3A090066F8CD /* ticket_ng.mp3 in Resources */,
				5F4F303426945353008FFA3D /* LaunchScreen.storyboard in Resources */,
				5F4F303126945353008FFA3D /* Preview Assets.xcassets in Resources */,
				5F4F302E26945353008FFA3D /* Assets.xcassets in Resources */,
			);
			runOnlyForDeploymentPostprocessing = 0;
		};
/* End PBXResourcesBuildPhase section */

/* Begin PBXSourcesBuildPhase section */
		5F4F302026945344008FFA3D /* Sources */ = {
			isa = PBXSourcesBuildPhase;
			buildActionMask = 2147483647;
			files = (
				5F55D19A269D7CB30011B1B6 /* EmailInputView.swift in Sources */,
				5FB7361E269C3DA20066F8CD /* SelectEventsNetWorkManager.swift in Sources */,
				5F55D19C269D85A60011B1B6 /* PasswordInputView.swift in Sources */,
				5FB735F4269C2DDE0066F8CD /* UserDefaultsHelpers.swift in Sources */,
				5FB73624269C42950066F8CD /* CountVisitedNetworkManager.swift in Sources */,
				5FB73628269C43B10066F8CD /* RootView.swift in Sources */,
				5FB73613269C3A6B0066F8CD /* QRScannerViewController.swift in Sources */,
				5FB735F0269C2CD20066F8CD /* User.swift in Sources */,
				5FB73621269C3EF30066F8CD /* UpdateQRCodeNetWorkManager.swift in Sources */,
				5FB7362F269C445F0066F8CD /* Loader.swift in Sources */,
				5FB73635269C447C0066F8CD /* SelectEventView.swift in Sources */,
				5FFE111926CCBD7C007F4864 /* AppStoreInfo.swift in Sources */,
				5F285195269EEE7600C5FC21 /* RefreshableScrollView.swift in Sources */,
				5F4F302826945344008FFA3D /* AppDelegate.swift in Sources */,
				5FB73617269C3AE00066F8CD /* APIURL.swift in Sources */,
				5FB735FE269C34AF0066F8CD /* Ticket.swift in Sources */,
				5F4F302A26945344008FFA3D /* SceneDelegate.swift in Sources */,
				5FB735F7269C32130066F8CD /* Sounds.swift in Sources */,
				5FB735FB269C32F10066F8CD /* Event.swift in Sources */,
				5FB73604269C36AC0066F8CD /* Utilities.swift in Sources */,
				5FB73632269C446D0066F8CD /* NetworkErrorView.swift in Sources */,
				5FB7363A269C4BB00066F8CD /* Model.xcdatamodeld in Sources */,
				5FB7361B269C3B060066F8CD /* AuthNetWorkManager.swift in Sources */,
				5FB7362C269C444C0066F8CD /* TopView.swift in Sources */,
				5FB73601269C34FC0066F8CD /* CountStatus.swift in Sources */,
			);
			runOnlyForDeploymentPostprocessing = 0;
		};
/* End PBXSourcesBuildPhase section */

/* Begin PBXVariantGroup section */
		5F4F303226945353008FFA3D /* LaunchScreen.storyboard */ = {
			isa = PBXVariantGroup;
			children = (
				5F4F303326945353008FFA3D /* Base */,
			);
			name = LaunchScreen.storyboard;
			sourceTree = "<group>";
		};
/* End PBXVariantGroup section */

/* Begin XCBuildConfiguration section */
		5F4F303626945353008FFA3D /* Debug */ = {
			isa = XCBuildConfiguration;
			buildSettings = {
				ALWAYS_SEARCH_USER_PATHS = NO;
				CLANG_ANALYZER_NONNULL = YES;
				CLANG_ANALYZER_NUMBER_OBJECT_CONVERSION = YES_AGGRESSIVE;
				CLANG_CXX_LANGUAGE_STANDARD = "gnu++14";
				CLANG_CXX_LIBRARY = "libc++";
				CLANG_ENABLE_MODULES = YES;
				CLANG_ENABLE_OBJC_ARC = YES;
				CLANG_ENABLE_OBJC_WEAK = YES;
				CLANG_WARN_BLOCK_CAPTURE_AUTORELEASING = YES;
				CLANG_WARN_BOOL_CONVERSION = YES;
				CLANG_WARN_COMMA = YES;
				CLANG_WARN_CONSTANT_CONVERSION = YES;
				CLANG_WARN_DEPRECATED_OBJC_IMPLEMENTATIONS = YES;
				CLANG_WARN_DIRECT_OBJC_ISA_USAGE = YES_ERROR;
				CLANG_WARN_DOCUMENTATION_COMMENTS = YES;
				CLANG_WARN_EMPTY_BODY = YES;
				CLANG_WARN_ENUM_CONVERSION = YES;
				CLANG_WARN_INFINITE_RECURSION = YES;
				CLANG_WARN_INT_CONVERSION = YES;
				CLANG_WARN_NON_LITERAL_NULL_CONVERSION = YES;
				CLANG_WARN_OBJC_IMPLICIT_RETAIN_SELF = YES;
				CLANG_WARN_OBJC_LITERAL_CONVERSION = YES;
				CLANG_WARN_OBJC_ROOT_CLASS = YES_ERROR;
				CLANG_WARN_QUOTED_INCLUDE_IN_FRAMEWORK_HEADER = YES;
				CLANG_WARN_RANGE_LOOP_ANALYSIS = YES;
				CLANG_WARN_STRICT_PROTOTYPES = YES;
				CLANG_WARN_SUSPICIOUS_MOVE = YES;
				CLANG_WARN_UNGUARDED_AVAILABILITY = YES_AGGRESSIVE;
				CLANG_WARN_UNREACHABLE_CODE = YES;
				CLANG_WARN__DUPLICATE_METHOD_MATCH = YES;
				COPY_PHASE_STRIP = NO;
				DEBUG_INFORMATION_FORMAT = dwarf;
				ENABLE_STRICT_OBJC_MSGSEND = YES;
				ENABLE_TESTABILITY = YES;
				GCC_C_LANGUAGE_STANDARD = gnu11;
				GCC_DYNAMIC_NO_PIC = NO;
				GCC_NO_COMMON_BLOCKS = YES;
				GCC_OPTIMIZATION_LEVEL = 0;
				GCC_PREPROCESSOR_DEFINITIONS = (
					"DEBUG=1",
					"$(inherited)",
				);
				GCC_WARN_64_TO_32_BIT_CONVERSION = YES;
				GCC_WARN_ABOUT_RETURN_TYPE = YES_ERROR;
				GCC_WARN_UNDECLARED_SELECTOR = YES;
				GCC_WARN_UNINITIALIZED_AUTOS = YES_AGGRESSIVE;
				GCC_WARN_UNUSED_FUNCTION = YES;
				GCC_WARN_UNUSED_VARIABLE = YES;
				IPHONEOS_DEPLOYMENT_TARGET = 14.4;
				MTL_ENABLE_DEBUG_INFO = INCLUDE_SOURCE;
				MTL_FAST_MATH = YES;
				ONLY_ACTIVE_ARCH = YES;
				SDKROOT = iphoneos;
				SWIFT_ACTIVE_COMPILATION_CONDITIONS = DEBUG;
				SWIFT_OPTIMIZATION_LEVEL = "-Onone";
			};
			name = Debug;
		};
		5F4F303726945353008FFA3D /* Release */ = {
			isa = XCBuildConfiguration;
			buildSettings = {
				ALWAYS_SEARCH_USER_PATHS = NO;
				CLANG_ANALYZER_NONNULL = YES;
				CLANG_ANALYZER_NUMBER_OBJECT_CONVERSION = YES_AGGRESSIVE;
				CLANG_CXX_LANGUAGE_STANDARD = "gnu++14";
				CLANG_CXX_LIBRARY = "libc++";
				CLANG_ENABLE_MODULES = YES;
				CLANG_ENABLE_OBJC_ARC = YES;
				CLANG_ENABLE_OBJC_WEAK = YES;
				CLANG_WARN_BLOCK_CAPTURE_AUTORELEASING = YES;
				CLANG_WARN_BOOL_CONVERSION = YES;
				CLANG_WARN_COMMA = YES;
				CLANG_WARN_CONSTANT_CONVERSION = YES;
				CLANG_WARN_DEPRECATED_OBJC_IMPLEMENTATIONS = YES;
				CLANG_WARN_DIRECT_OBJC_ISA_USAGE = YES_ERROR;
				CLANG_WARN_DOCUMENTATION_COMMENTS = YES;
				CLANG_WARN_EMPTY_BODY = YES;
				CLANG_WARN_ENUM_CONVERSION = YES;
				CLANG_WARN_INFINITE_RECURSION = YES;
				CLANG_WARN_INT_CONVERSION = YES;
				CLANG_WARN_NON_LITERAL_NULL_CONVERSION = YES;
				CLANG_WARN_OBJC_IMPLICIT_RETAIN_SELF = YES;
				CLANG_WARN_OBJC_LITERAL_CONVERSION = YES;
				CLANG_WARN_OBJC_ROOT_CLASS = YES_ERROR;
				CLANG_WARN_QUOTED_INCLUDE_IN_FRAMEWORK_HEADER = YES;
				CLANG_WARN_RANGE_LOOP_ANALYSIS = YES;
				CLANG_WARN_STRICT_PROTOTYPES = YES;
				CLANG_WARN_SUSPICIOUS_MOVE = YES;
				CLANG_WARN_UNGUARDED_AVAILABILITY = YES_AGGRESSIVE;
				CLANG_WARN_UNREACHABLE_CODE = YES;
				CLANG_WARN__DUPLICATE_METHOD_MATCH = YES;
				COPY_PHASE_STRIP = NO;
				DEBUG_INFORMATION_FORMAT = "dwarf-with-dsym";
				ENABLE_NS_ASSERTIONS = NO;
				ENABLE_STRICT_OBJC_MSGSEND = YES;
				GCC_C_LANGUAGE_STANDARD = gnu11;
				GCC_NO_COMMON_BLOCKS = YES;
				GCC_WARN_64_TO_32_BIT_CONVERSION = YES;
				GCC_WARN_ABOUT_RETURN_TYPE = YES_ERROR;
				GCC_WARN_UNDECLARED_SELECTOR = YES;
				GCC_WARN_UNINITIALIZED_AUTOS = YES_AGGRESSIVE;
				GCC_WARN_UNUSED_FUNCTION = YES;
				GCC_WARN_UNUSED_VARIABLE = YES;
				IPHONEOS_DEPLOYMENT_TARGET = 14.4;
				MTL_ENABLE_DEBUG_INFO = NO;
				MTL_FAST_MATH = YES;
				SDKROOT = iphoneos;
				SWIFT_COMPILATION_MODE = wholemodule;
				SWIFT_OPTIMIZATION_LEVEL = "-O";
				VALIDATE_PRODUCT = YES;
			};
			name = Release;
		};
		5F4F303926945353008FFA3D /* Debug */ = {
			isa = XCBuildConfiguration;
			buildSettings = {
				ASSETCATALOG_COMPILER_APPICON_NAME = AppIcon;
				ASSETCATALOG_COMPILER_GLOBAL_ACCENT_COLOR_NAME = AccentColor;
				CODE_SIGN_STYLE = Automatic;
				DEVELOPMENT_ASSET_PATHS = "\"QRアプリtest/Preview Content\"";
				DEVELOPMENT_TEAM = 2SS98SNGPG;
				ENABLE_PREVIEWS = YES;
				INFOPLIST_FILE = "QRアプリtest/Info.plist";
				IPHONEOS_DEPLOYMENT_TARGET = 14.4;
				LD_RUNPATH_SEARCH_PATHS = (
					"$(inherited)",
					"@executable_path/Frameworks",
				);
				PRODUCT_BUNDLE_IDENTIFIER = com.example1234.QRtest;
				PRODUCT_NAME = QRCodeTest;
				SWIFT_VERSION = 5.0;
				TARGETED_DEVICE_FAMILY = "1,2";
			};
			name = Debug;
		};
		5F4F303A26945353008FFA3D /* Release */ = {
			isa = XCBuildConfiguration;
			buildSettings = {
				ASSETCATALOG_COMPILER_APPICON_NAME = AppIcon;
				ASSETCATALOG_COMPILER_GLOBAL_ACCENT_COLOR_NAME = AccentColor;
				CODE_SIGN_STYLE = Automatic;
				DEVELOPMENT_ASSET_PATHS = "\"QRアプリtest/Preview Content\"";
				DEVELOPMENT_TEAM = 2SS98SNGPG;
				ENABLE_PREVIEWS = YES;
				INFOPLIST_FILE = "QRアプリtest/Info.plist";
				IPHONEOS_DEPLOYMENT_TARGET = 14.4;
				LD_RUNPATH_SEARCH_PATHS = (
					"$(inherited)",
					"@executable_path/Frameworks",
				);
				PRODUCT_BUNDLE_IDENTIFIER = com.example1234.QRtest;
				PRODUCT_NAME = QRCodeTest;
				SWIFT_VERSION = 5.0;
				TARGETED_DEVICE_FAMILY = "1,2";
			};
			name = Release;
		};
/* End XCBuildConfiguration section */

/* Begin XCConfigurationList section */
		5F4F301F26945344008FFA3D /* Build configuration list for PBXProject "QRアプリtest" */ = {
			isa = XCConfigurationList;
			buildConfigurations = (
				5F4F303626945353008FFA3D /* Debug */,
				5F4F303726945353008FFA3D /* Release */,
			);
			defaultConfigurationIsVisible = 0;
			defaultConfigurationName = Release;
		};
		5F4F303826945353008FFA3D /* Build configuration list for PBXNativeTarget "QRアプリtest" */ = {
			isa = XCConfigurationList;
			buildConfigurations = (
				5F4F303926945353008FFA3D /* Debug */,
				5F4F303A26945353008FFA3D /* Release */,
			);
			defaultConfigurationIsVisible = 0;
			defaultConfigurationName = Release;
		};
/* End XCConfigurationList section */

/* Begin XCVersionGroup section */
		5FB73638269C4BB00066F8CD /* Model.xcdatamodeld */ = {
			isa = XCVersionGroup;
			children = (
				5FB73639269C4BB00066F8CD /* Model.xcdatamodel */,
			);
			currentVersion = 5FB73639269C4BB00066F8CD /* Model.xcdatamodel */;
			path = Model.xcdatamodeld;
			sourceTree = "<group>";
			versionGroupType = wrapper.xcdatamodel;
		};
/* End XCVersionGroup section */
	};
	rootObject = 5F4F301C26945344008FFA3D /* Project object */;
}
